// !$*UTF8*$!
{
	archiveVersion = 1;
	classes = {
	};
	objectVersion = 48;
	objects = {

/* Begin PBXBuildFile section */
		092E858C20416D8500E29F11 /* Constants.swift in Sources */ = {isa = PBXBuildFile; fileRef = 092E858B20416D8500E29F11 /* Constants.swift */; };
		092E858D20416D8500E29F11 /* Constants.swift in Sources */ = {isa = PBXBuildFile; fileRef = 092E858B20416D8500E29F11 /* Constants.swift */; };
		092E858E20416D8500E29F11 /* Constants.swift in Sources */ = {isa = PBXBuildFile; fileRef = 092E858B20416D8500E29F11 /* Constants.swift */; };
		092E85902041717E00E29F11 /* CoreLocation.framework in Frameworks */ = {isa = PBXBuildFile; fileRef = 092E858F2041717E00E29F11 /* CoreLocation.framework */; };
		092E85932041749B00E29F11 /* Coordinate.swift in Sources */ = {isa = PBXBuildFile; fileRef = 092E85922041749B00E29F11 /* Coordinate.swift */; };
		092E85942041749B00E29F11 /* Coordinate.swift in Sources */ = {isa = PBXBuildFile; fileRef = 092E85922041749B00E29F11 /* Coordinate.swift */; };
		092E85952041749B00E29F11 /* Coordinate.swift in Sources */ = {isa = PBXBuildFile; fileRef = 092E85922041749B00E29F11 /* Coordinate.swift */; };
		09AA25DB204192AB00565CED /* SearchAddressViewController.swift in Sources */ = {isa = PBXBuildFile; fileRef = 09AA25DA204192AB00565CED /* SearchAddressViewController.swift */; };
		09AA25DC204192AB00565CED /* SearchAddressViewController.swift in Sources */ = {isa = PBXBuildFile; fileRef = 09AA25DA204192AB00565CED /* SearchAddressViewController.swift */; };
		09AA25DD204192AB00565CED /* SearchAddressViewController.swift in Sources */ = {isa = PBXBuildFile; fileRef = 09AA25DA204192AB00565CED /* SearchAddressViewController.swift */; };
		09DF39B5204169A10058B30B /* AppDelegate.swift in Sources */ = {isa = PBXBuildFile; fileRef = 09DF39B4204169A10058B30B /* AppDelegate.swift */; };
		09DF39B7204169A10058B30B /* MapViewController.swift in Sources */ = {isa = PBXBuildFile; fileRef = 09DF39B6204169A10058B30B /* MapViewController.swift */; };
		09DF39BA204169A10058B30B /* Main.storyboard in Resources */ = {isa = PBXBuildFile; fileRef = 09DF39B8204169A10058B30B /* Main.storyboard */; };
		09DF39BC204169A10058B30B /* Assets.xcassets in Resources */ = {isa = PBXBuildFile; fileRef = 09DF39BB204169A10058B30B /* Assets.xcassets */; };
		09DF39BF204169A10058B30B /* LaunchScreen.storyboard in Resources */ = {isa = PBXBuildFile; fileRef = 09DF39BD204169A10058B30B /* LaunchScreen.storyboard */; };
		09DF39CA204169A10058B30B /* MapBox_sampleTests.swift in Sources */ = {isa = PBXBuildFile; fileRef = 09DF39C9204169A10058B30B /* MapBox_sampleTests.swift */; };
		09DF39D5204169A10058B30B /* MapBox_sampleUITests.swift in Sources */ = {isa = PBXBuildFile; fileRef = 09DF39D4204169A10058B30B /* MapBox_sampleUITests.swift */; };
		09F28DC220419E4E0040DBF6 /* Address.swift in Sources */ = {isa = PBXBuildFile; fileRef = 09F28DC120419E4E0040DBF6 /* Address.swift */; };
		09F28DC62041B44E0040DBF6 /* SearchAddressTableViewCell.swift in Sources */ = {isa = PBXBuildFile; fileRef = 09F28DC52041B44E0040DBF6 /* SearchAddressTableViewCell.swift */; };
		09F28DC72041B44E0040DBF6 /* SearchAddressTableViewCell.swift in Sources */ = {isa = PBXBuildFile; fileRef = 09F28DC52041B44E0040DBF6 /* SearchAddressTableViewCell.swift */; };
		09F28DC82041B44E0040DBF6 /* SearchAddressTableViewCell.swift in Sources */ = {isa = PBXBuildFile; fileRef = 09F28DC52041B44E0040DBF6 /* SearchAddressTableViewCell.swift */; };
		09F28DCA2041B6FB0040DBF6 /* SearchAddressDelegate.swift in Sources */ = {isa = PBXBuildFile; fileRef = 09F28DC92041B6FB0040DBF6 /* SearchAddressDelegate.swift */; };
		09F28DCB2041B6FB0040DBF6 /* SearchAddressDelegate.swift in Sources */ = {isa = PBXBuildFile; fileRef = 09F28DC92041B6FB0040DBF6 /* SearchAddressDelegate.swift */; };
		09F28DCC2041B6FB0040DBF6 /* SearchAddressDelegate.swift in Sources */ = {isa = PBXBuildFile; fileRef = 09F28DC92041B6FB0040DBF6 /* SearchAddressDelegate.swift */; };
		09F28DCF2041FD5D0040DBF6 /* AddressService.swift in Sources */ = {isa = PBXBuildFile; fileRef = 09F28DCE2041FD5D0040DBF6 /* AddressService.swift */; };
		09F28DD02041FD5D0040DBF6 /* AddressService.swift in Sources */ = {isa = PBXBuildFile; fileRef = 09F28DCE2041FD5D0040DBF6 /* AddressService.swift */; };
		09F28DD12041FD5D0040DBF6 /* AddressService.swift in Sources */ = {isa = PBXBuildFile; fileRef = 09F28DCE2041FD5D0040DBF6 /* AddressService.swift */; };
		09F28DD420420FD50040DBF6 /* UISearchBar+Utils.swift in Sources */ = {isa = PBXBuildFile; fileRef = 09F28DD320420FD50040DBF6 /* UISearchBar+Utils.swift */; };
		0A66BA949E603653C10272E2 /* Pods_MapBox_sampleTests.framework in Frameworks */ = {isa = PBXBuildFile; fileRef = 94519488A0C666D17928AABD /* Pods_MapBox_sampleTests.framework */; };
		0F278E0A0701CEC6ED2BFE02 /* Pods_MapBox_sample.framework in Frameworks */ = {isa = PBXBuildFile; fileRef = 00DA19FDD673D61962A6980C /* Pods_MapBox_sample.framework */; };
		2342AA67338E311041073C3C /* Pods_MapBox_sampleUITests.framework in Frameworks */ = {isa = PBXBuildFile; fileRef = 116D7DBD24104C604659754B /* Pods_MapBox_sampleUITests.framework */; };
/* End PBXBuildFile section */

/* Begin PBXContainerItemProxy section */
		09DF39C6204169A10058B30B /* PBXContainerItemProxy */ = {
			isa = PBXContainerItemProxy;
			containerPortal = 09DF39A9204169A10058B30B /* Project object */;
			proxyType = 1;
			remoteGlobalIDString = 09DF39B0204169A10058B30B;
			remoteInfo = "MapBox-sample";
		};
		09DF39D1204169A10058B30B /* PBXContainerItemProxy */ = {
			isa = PBXContainerItemProxy;
			containerPortal = 09DF39A9204169A10058B30B /* Project object */;
			proxyType = 1;
			remoteGlobalIDString = 09DF39B0204169A10058B30B;
			remoteInfo = "MapBox-sample";
		};
/* End PBXContainerItemProxy section */

/* Begin PBXFileReference section */
		00DA19FDD673D61962A6980C /* Pods_MapBox_sample.framework */ = {isa = PBXFileReference; explicitFileType = wrapper.framework; includeInIndex = 0; path = Pods_MapBox_sample.framework; sourceTree = BUILT_PRODUCTS_DIR; };
		092E858B20416D8500E29F11 /* Constants.swift */ = {isa = PBXFileReference; lastKnownFileType = sourcecode.swift; path = Constants.swift; sourceTree = "<group>"; };
		092E858F2041717E00E29F11 /* CoreLocation.framework */ = {isa = PBXFileReference; lastKnownFileType = wrapper.framework; name = CoreLocation.framework; path = System/Library/Frameworks/CoreLocation.framework; sourceTree = SDKROOT; };
		092E85922041749B00E29F11 /* Coordinate.swift */ = {isa = PBXFileReference; lastKnownFileType = sourcecode.swift; path = Coordinate.swift; sourceTree = "<group>"; };
		09AA25DA204192AB00565CED /* SearchAddressViewController.swift */ = {isa = PBXFileReference; lastKnownFileType = sourcecode.swift; path = SearchAddressViewController.swift; sourceTree = "<group>"; };
		09DF39B1204169A10058B30B /* MapBox-sample.app */ = {isa = PBXFileReference; explicitFileType = wrapper.application; includeInIndex = 0; path = "MapBox-sample.app"; sourceTree = BUILT_PRODUCTS_DIR; };
		09DF39B4204169A10058B30B /* AppDelegate.swift */ = {isa = PBXFileReference; lastKnownFileType = sourcecode.swift; path = AppDelegate.swift; sourceTree = "<group>"; };
		09DF39B6204169A10058B30B /* MapViewController.swift */ = {isa = PBXFileReference; lastKnownFileType = sourcecode.swift; path = MapViewController.swift; sourceTree = "<group>"; };
		09DF39B9204169A10058B30B /* Base */ = {isa = PBXFileReference; lastKnownFileType = file.storyboard; name = Base; path = Base.lproj/Main.storyboard; sourceTree = "<group>"; };
		09DF39BB204169A10058B30B /* Assets.xcassets */ = {isa = PBXFileReference; lastKnownFileType = folder.assetcatalog; path = Assets.xcassets; sourceTree = "<group>"; };
		09DF39BE204169A10058B30B /* Base */ = {isa = PBXFileReference; lastKnownFileType = file.storyboard; name = Base; path = Base.lproj/LaunchScreen.storyboard; sourceTree = "<group>"; };
		09DF39C0204169A10058B30B /* Info.plist */ = {isa = PBXFileReference; lastKnownFileType = text.plist.xml; path = Info.plist; sourceTree = "<group>"; };
		09DF39C5204169A10058B30B /* MapBox-sampleTests.xctest */ = {isa = PBXFileReference; explicitFileType = wrapper.cfbundle; includeInIndex = 0; path = "MapBox-sampleTests.xctest"; sourceTree = BUILT_PRODUCTS_DIR; };
		09DF39C9204169A10058B30B /* MapBox_sampleTests.swift */ = {isa = PBXFileReference; lastKnownFileType = sourcecode.swift; path = MapBox_sampleTests.swift; sourceTree = "<group>"; };
		09DF39CB204169A10058B30B /* Info.plist */ = {isa = PBXFileReference; lastKnownFileType = text.plist.xml; path = Info.plist; sourceTree = "<group>"; };
		09DF39D0204169A10058B30B /* MapBox-sampleUITests.xctest */ = {isa = PBXFileReference; explicitFileType = wrapper.cfbundle; includeInIndex = 0; path = "MapBox-sampleUITests.xctest"; sourceTree = BUILT_PRODUCTS_DIR; };
		09DF39D4204169A10058B30B /* MapBox_sampleUITests.swift */ = {isa = PBXFileReference; lastKnownFileType = sourcecode.swift; path = MapBox_sampleUITests.swift; sourceTree = "<group>"; };
		09DF39D6204169A20058B30B /* Info.plist */ = {isa = PBXFileReference; lastKnownFileType = text.plist.xml; path = Info.plist; sourceTree = "<group>"; };
		09F28DC120419E4E0040DBF6 /* Address.swift */ = {isa = PBXFileReference; lastKnownFileType = sourcecode.swift; path = Address.swift; sourceTree = "<group>"; };
		09F28DC52041B44E0040DBF6 /* SearchAddressTableViewCell.swift */ = {isa = PBXFileReference; lastKnownFileType = sourcecode.swift; path = SearchAddressTableViewCell.swift; sourceTree = "<group>"; };
		09F28DC92041B6FB0040DBF6 /* SearchAddressDelegate.swift */ = {isa = PBXFileReference; lastKnownFileType = sourcecode.swift; path = SearchAddressDelegate.swift; sourceTree = "<group>"; };
		09F28DCE2041FD5D0040DBF6 /* AddressService.swift */ = {isa = PBXFileReference; lastKnownFileType = sourcecode.swift; path = AddressService.swift; sourceTree = "<group>"; };
		09F28DD320420FD50040DBF6 /* UISearchBar+Utils.swift */ = {isa = PBXFileReference; lastKnownFileType = sourcecode.swift; path = "UISearchBar+Utils.swift"; sourceTree = "<group>"; };
		116D7DBD24104C604659754B /* Pods_MapBox_sampleUITests.framework */ = {isa = PBXFileReference; explicitFileType = wrapper.framework; includeInIndex = 0; path = Pods_MapBox_sampleUITests.framework; sourceTree = BUILT_PRODUCTS_DIR; };
		165B1491379AC00B7B1DEF3E /* Pods-MapBox-sampleTests.debug.xcconfig */ = {isa = PBXFileReference; includeInIndex = 1; lastKnownFileType = text.xcconfig; name = "Pods-MapBox-sampleTests.debug.xcconfig"; path = "Pods/Target Support Files/Pods-MapBox-sampleTests/Pods-MapBox-sampleTests.debug.xcconfig"; sourceTree = "<group>"; };
		1696A57DEDB39284FD278CBC /* Pods-MapBox-sampleUITests.debug.xcconfig */ = {isa = PBXFileReference; includeInIndex = 1; lastKnownFileType = text.xcconfig; name = "Pods-MapBox-sampleUITests.debug.xcconfig"; path = "Pods/Target Support Files/Pods-MapBox-sampleUITests/Pods-MapBox-sampleUITests.debug.xcconfig"; sourceTree = "<group>"; };
		3B4F3EA5A3D9D17770D1A51C /* Pods-MapBox-sample.debug.xcconfig */ = {isa = PBXFileReference; includeInIndex = 1; lastKnownFileType = text.xcconfig; name = "Pods-MapBox-sample.debug.xcconfig"; path = "Pods/Target Support Files/Pods-MapBox-sample/Pods-MapBox-sample.debug.xcconfig"; sourceTree = "<group>"; };
		3F5881023A903F99D7044FA8 /* Pods-MapBox-sampleUITests.release.xcconfig */ = {isa = PBXFileReference; includeInIndex = 1; lastKnownFileType = text.xcconfig; name = "Pods-MapBox-sampleUITests.release.xcconfig"; path = "Pods/Target Support Files/Pods-MapBox-sampleUITests/Pods-MapBox-sampleUITests.release.xcconfig"; sourceTree = "<group>"; };
		73E4E8997F730FE0C7153D0E /* Pods-MapBox-sampleTests.release.xcconfig */ = {isa = PBXFileReference; includeInIndex = 1; lastKnownFileType = text.xcconfig; name = "Pods-MapBox-sampleTests.release.xcconfig"; path = "Pods/Target Support Files/Pods-MapBox-sampleTests/Pods-MapBox-sampleTests.release.xcconfig"; sourceTree = "<group>"; };
		94519488A0C666D17928AABD /* Pods_MapBox_sampleTests.framework */ = {isa = PBXFileReference; explicitFileType = wrapper.framework; includeInIndex = 0; path = Pods_MapBox_sampleTests.framework; sourceTree = BUILT_PRODUCTS_DIR; };
		978EDC690C3B18DB2092DBCB /* Pods-MapBox-sample.release.xcconfig */ = {isa = PBXFileReference; includeInIndex = 1; lastKnownFileType = text.xcconfig; name = "Pods-MapBox-sample.release.xcconfig"; path = "Pods/Target Support Files/Pods-MapBox-sample/Pods-MapBox-sample.release.xcconfig"; sourceTree = "<group>"; };
/* End PBXFileReference section */

/* Begin PBXFrameworksBuildPhase section */
		09DF39AE204169A10058B30B /* Frameworks */ = {
			isa = PBXFrameworksBuildPhase;
			buildActionMask = 2147483647;
			files = (
				092E85902041717E00E29F11 /* CoreLocation.framework in Frameworks */,
				0F278E0A0701CEC6ED2BFE02 /* Pods_MapBox_sample.framework in Frameworks */,
			);
			runOnlyForDeploymentPostprocessing = 0;
		};
		09DF39C2204169A10058B30B /* Frameworks */ = {
			isa = PBXFrameworksBuildPhase;
			buildActionMask = 2147483647;
			files = (
				0A66BA949E603653C10272E2 /* Pods_MapBox_sampleTests.framework in Frameworks */,
			);
			runOnlyForDeploymentPostprocessing = 0;
		};
		09DF39CD204169A10058B30B /* Frameworks */ = {
			isa = PBXFrameworksBuildPhase;
			buildActionMask = 2147483647;
			files = (
				2342AA67338E311041073C3C /* Pods_MapBox_sampleUITests.framework in Frameworks */,
			);
			runOnlyForDeploymentPostprocessing = 0;
		};
/* End PBXFrameworksBuildPhase section */

/* Begin PBXGroup section */
		092E858920416CEC00E29F11 /* UI */ = {
			isa = PBXGroup;
			children = (
				09F28DC42041B4200040DBF6 /* SearchAddress */,
				09F28DC32041B4170040DBF6 /* Map */,
				09DF39B8204169A10058B30B /* Main.storyboard */,
			);
			path = UI;
			sourceTree = "<group>";
		};
		092E858A20416D1000E29F11 /* Conf */ = {
			isa = PBXGroup;
			children = (
				092E858B20416D8500E29F11 /* Constants.swift */,
			);
			path = Conf;
			sourceTree = "<group>";
		};
		092E85912041748300E29F11 /* Model */ = {
			isa = PBXGroup;
			children = (
				092E85922041749B00E29F11 /* Coordinate.swift */,
				09F28DC120419E4E0040DBF6 /* Address.swift */,
			);
			path = Model;
			sourceTree = "<group>";
		};
		09DF39A8204169A10058B30B = {
			isa = PBXGroup;
			children = (
				09DF39B3204169A10058B30B /* MapBox-sample */,
				09DF39C8204169A10058B30B /* MapBox-sampleTests */,
				09DF39D3204169A10058B30B /* MapBox-sampleUITests */,
				09DF39B2204169A10058B30B /* Products */,
				950AC597CB27C270099C69F7 /* Pods */,
				5F837864D4B553D2924421FD /* Frameworks */,
			);
			sourceTree = "<group>";
		};
		09DF39B2204169A10058B30B /* Products */ = {
			isa = PBXGroup;
			children = (
				09DF39B1204169A10058B30B /* MapBox-sample.app */,
				09DF39C5204169A10058B30B /* MapBox-sampleTests.xctest */,
				09DF39D0204169A10058B30B /* MapBox-sampleUITests.xctest */,
			);
			name = Products;
			sourceTree = "<group>";
		};
		09DF39B3204169A10058B30B /* MapBox-sample */ = {
			isa = PBXGroup;
			children = (
				09F28DD220420FB60040DBF6 /* Utils */,
				09F28DCD2041FD400040DBF6 /* Service */,
				092E85912041748300E29F11 /* Model */,
				092E858A20416D1000E29F11 /* Conf */,
				092E858920416CEC00E29F11 /* UI */,
				09DF39B4204169A10058B30B /* AppDelegate.swift */,
				09DF39BB204169A10058B30B /* Assets.xcassets */,
				09DF39BD204169A10058B30B /* LaunchScreen.storyboard */,
				09DF39C0204169A10058B30B /* Info.plist */,
			);
			path = "MapBox-sample";
			sourceTree = "<group>";
		};
		09DF39C8204169A10058B30B /* MapBox-sampleTests */ = {
			isa = PBXGroup;
			children = (
				09DF39C9204169A10058B30B /* MapBox_sampleTests.swift */,
				09DF39CB204169A10058B30B /* Info.plist */,
			);
			path = "MapBox-sampleTests";
			sourceTree = "<group>";
		};
		09DF39D3204169A10058B30B /* MapBox-sampleUITests */ = {
			isa = PBXGroup;
			children = (
				09DF39D4204169A10058B30B /* MapBox_sampleUITests.swift */,
				09DF39D6204169A20058B30B /* Info.plist */,
			);
			path = "MapBox-sampleUITests";
			sourceTree = "<group>";
		};
		09F28DC32041B4170040DBF6 /* Map */ = {
			isa = PBXGroup;
			children = (
				09DF39B6204169A10058B30B /* MapViewController.swift */,
			);
			path = Map;
			sourceTree = "<group>";
		};
		09F28DC42041B4200040DBF6 /* SearchAddress */ = {
			isa = PBXGroup;
			children = (
				09AA25DA204192AB00565CED /* SearchAddressViewController.swift */,
				09F28DC52041B44E0040DBF6 /* SearchAddressTableViewCell.swift */,
				09F28DC92041B6FB0040DBF6 /* SearchAddressDelegate.swift */,
			);
			path = SearchAddress;
			sourceTree = "<group>";
		};
		09F28DCD2041FD400040DBF6 /* Service */ = {
			isa = PBXGroup;
			children = (
				09F28DCE2041FD5D0040DBF6 /* AddressService.swift */,
			);
			path = Service;
			sourceTree = "<group>";
		};
		09F28DD220420FB60040DBF6 /* Utils */ = {
			isa = PBXGroup;
			children = (
				09F28DD320420FD50040DBF6 /* UISearchBar+Utils.swift */,
			);
			path = Utils;
			sourceTree = "<group>";
		};
		5F837864D4B553D2924421FD /* Frameworks */ = {
			isa = PBXGroup;
			children = (
				092E858F2041717E00E29F11 /* CoreLocation.framework */,
				00DA19FDD673D61962A6980C /* Pods_MapBox_sample.framework */,
				94519488A0C666D17928AABD /* Pods_MapBox_sampleTests.framework */,
				116D7DBD24104C604659754B /* Pods_MapBox_sampleUITests.framework */,
			);
			name = Frameworks;
			sourceTree = "<group>";
		};
		950AC597CB27C270099C69F7 /* Pods */ = {
			isa = PBXGroup;
			children = (
				3B4F3EA5A3D9D17770D1A51C /* Pods-MapBox-sample.debug.xcconfig */,
				978EDC690C3B18DB2092DBCB /* Pods-MapBox-sample.release.xcconfig */,
				165B1491379AC00B7B1DEF3E /* Pods-MapBox-sampleTests.debug.xcconfig */,
				73E4E8997F730FE0C7153D0E /* Pods-MapBox-sampleTests.release.xcconfig */,
				1696A57DEDB39284FD278CBC /* Pods-MapBox-sampleUITests.debug.xcconfig */,
				3F5881023A903F99D7044FA8 /* Pods-MapBox-sampleUITests.release.xcconfig */,
			);
			name = Pods;
			sourceTree = "<group>";
		};
/* End PBXGroup section */

/* Begin PBXNativeTarget section */
		09DF39B0204169A10058B30B /* MapBox-sample */ = {
			isa = PBXNativeTarget;
			buildConfigurationList = 09DF39D9204169A20058B30B /* Build configuration list for PBXNativeTarget "MapBox-sample" */;
			buildPhases = (
				AC9E875B56BE2D76B08995E1 /* [CP] Check Pods Manifest.lock */,
				09DF39AD204169A10058B30B /* Sources */,
				09DF39AE204169A10058B30B /* Frameworks */,
				09DF39AF204169A10058B30B /* Resources */,
				3907DD25438B97D70512D8A8 /* [CP] Embed Pods Frameworks */,
				AAD8F2B69BA28F2FAA55070C /* [CP] Copy Pods Resources */,
			);
			buildRules = (
			);
			dependencies = (
			);
			name = "MapBox-sample";
			productName = "MapBox-sample";
			productReference = 09DF39B1204169A10058B30B /* MapBox-sample.app */;
			productType = "com.apple.product-type.application";
		};
		09DF39C4204169A10058B30B /* MapBox-sampleTests */ = {
			isa = PBXNativeTarget;
			buildConfigurationList = 09DF39DC204169A20058B30B /* Build configuration list for PBXNativeTarget "MapBox-sampleTests" */;
			buildPhases = (
				C952A0B39893AFC28256E09D /* [CP] Check Pods Manifest.lock */,
				09DF39C1204169A10058B30B /* Sources */,
				09DF39C2204169A10058B30B /* Frameworks */,
				09DF39C3204169A10058B30B /* Resources */,
				53300C96690C7887D1F7DC3D /* [CP] Embed Pods Frameworks */,
				DB833E04B9118BEDB345B50D /* [CP] Copy Pods Resources */,
			);
			buildRules = (
			);
			dependencies = (
				09DF39C7204169A10058B30B /* PBXTargetDependency */,
			);
			name = "MapBox-sampleTests";
			productName = "MapBox-sampleTests";
			productReference = 09DF39C5204169A10058B30B /* MapBox-sampleTests.xctest */;
			productType = "com.apple.product-type.bundle.unit-test";
		};
		09DF39CF204169A10058B30B /* MapBox-sampleUITests */ = {
			isa = PBXNativeTarget;
			buildConfigurationList = 09DF39DF204169A20058B30B /* Build configuration list for PBXNativeTarget "MapBox-sampleUITests" */;
			buildPhases = (
				7F2F652DCE7A2E54C6A45D83 /* [CP] Check Pods Manifest.lock */,
				09DF39CC204169A10058B30B /* Sources */,
				09DF39CD204169A10058B30B /* Frameworks */,
				09DF39CE204169A10058B30B /* Resources */,
				29B176C450A67C55A582136B /* [CP] Embed Pods Frameworks */,
				46B5D4C38210A4392B2AFBB1 /* [CP] Copy Pods Resources */,
			);
			buildRules = (
			);
			dependencies = (
				09DF39D2204169A10058B30B /* PBXTargetDependency */,
			);
			name = "MapBox-sampleUITests";
			productName = "MapBox-sampleUITests";
			productReference = 09DF39D0204169A10058B30B /* MapBox-sampleUITests.xctest */;
			productType = "com.apple.product-type.bundle.ui-testing";
		};
/* End PBXNativeTarget section */

/* Begin PBXProject section */
		09DF39A9204169A10058B30B /* Project object */ = {
			isa = PBXProject;
			attributes = {
				LastSwiftUpdateCheck = 0920;
				LastUpgradeCheck = 0920;
				ORGANIZATIONNAME = "Benjamin DUMONT";
				TargetAttributes = {
					09DF39B0204169A10058B30B = {
						CreatedOnToolsVersion = 9.2;
						ProvisioningStyle = Automatic;
					};
					09DF39C4204169A10058B30B = {
						CreatedOnToolsVersion = 9.2;
						ProvisioningStyle = Automatic;
						TestTargetID = 09DF39B0204169A10058B30B;
					};
					09DF39CF204169A10058B30B = {
						CreatedOnToolsVersion = 9.2;
						ProvisioningStyle = Automatic;
						TestTargetID = 09DF39B0204169A10058B30B;
					};
				};
			};
			buildConfigurationList = 09DF39AC204169A10058B30B /* Build configuration list for PBXProject "MapBox-sample" */;
			compatibilityVersion = "Xcode 8.0";
			developmentRegion = en;
			hasScannedForEncodings = 0;
			knownRegions = (
				en,
				Base,
			);
			mainGroup = 09DF39A8204169A10058B30B;
			productRefGroup = 09DF39B2204169A10058B30B /* Products */;
			projectDirPath = "";
			projectRoot = "";
			targets = (
				09DF39B0204169A10058B30B /* MapBox-sample */,
				09DF39C4204169A10058B30B /* MapBox-sampleTests */,
				09DF39CF204169A10058B30B /* MapBox-sampleUITests */,
			);
		};
/* End PBXProject section */

/* Begin PBXResourcesBuildPhase section */
		09DF39AF204169A10058B30B /* Resources */ = {
			isa = PBXResourcesBuildPhase;
			buildActionMask = 2147483647;
			files = (
				09DF39BF204169A10058B30B /* LaunchScreen.storyboard in Resources */,
				09DF39BC204169A10058B30B /* Assets.xcassets in Resources */,
				09DF39BA204169A10058B30B /* Main.storyboard in Resources */,
			);
			runOnlyForDeploymentPostprocessing = 0;
		};
		09DF39C3204169A10058B30B /* Resources */ = {
			isa = PBXResourcesBuildPhase;
			buildActionMask = 2147483647;
			files = (
			);
			runOnlyForDeploymentPostprocessing = 0;
		};
		09DF39CE204169A10058B30B /* Resources */ = {
			isa = PBXResourcesBuildPhase;
			buildActionMask = 2147483647;
			files = (
			);
			runOnlyForDeploymentPostprocessing = 0;
		};
/* End PBXResourcesBuildPhase section */

/* Begin PBXShellScriptBuildPhase section */
		29B176C450A67C55A582136B /* [CP] Embed Pods Frameworks */ = {
			isa = PBXShellScriptBuildPhase;
			buildActionMask = 2147483647;
			files = (
			);
			inputPaths = (
			);
			name = "[CP] Embed Pods Frameworks";
			outputPaths = (
			);
			runOnlyForDeploymentPostprocessing = 0;
			shellPath = /bin/sh;
			shellScript = "\"${SRCROOT}/Pods/Target Support Files/Pods-MapBox-sampleUITests/Pods-MapBox-sampleUITests-frameworks.sh\"\n";
			showEnvVarsInLog = 0;
		};
		3907DD25438B97D70512D8A8 /* [CP] Embed Pods Frameworks */ = {
			isa = PBXShellScriptBuildPhase;
			buildActionMask = 2147483647;
			files = (
			);
			inputPaths = (
				"${SRCROOT}/Pods/Target Support Files/Pods-MapBox-sample/Pods-MapBox-sample-frameworks.sh",
				"${PODS_ROOT}/Mapbox-iOS-SDK/dynamic/Mapbox.framework",
				"${PODS_ROOT}/Mapbox-iOS-SDK/dynamic/Mapbox.framework.dSYM",
				"${BUILT_PRODUCTS_DIR}/MapboxGeocoder.swift/MapboxGeocoder.framework",
				"${BUILT_PRODUCTS_DIR}/RxCocoa/RxCocoa.framework",
				"${BUILT_PRODUCTS_DIR}/RxSwift/RxSwift.framework",
			);
			name = "[CP] Embed Pods Frameworks";
			outputPaths = (
				"${TARGET_BUILD_DIR}/${FRAMEWORKS_FOLDER_PATH}/Mapbox.framework",
				"${DWARF_DSYM_FOLDER_PATH}/Mapbox.framework.dSYM",
				"${TARGET_BUILD_DIR}/${FRAMEWORKS_FOLDER_PATH}/MapboxGeocoder.framework",
				"${TARGET_BUILD_DIR}/${FRAMEWORKS_FOLDER_PATH}/RxCocoa.framework",
				"${TARGET_BUILD_DIR}/${FRAMEWORKS_FOLDER_PATH}/RxSwift.framework",
			);
			runOnlyForDeploymentPostprocessing = 0;
			shellPath = /bin/sh;
			shellScript = "\"${SRCROOT}/Pods/Target Support Files/Pods-MapBox-sample/Pods-MapBox-sample-frameworks.sh\"\n";
			showEnvVarsInLog = 0;
		};
		46B5D4C38210A4392B2AFBB1 /* [CP] Copy Pods Resources */ = {
			isa = PBXShellScriptBuildPhase;
			buildActionMask = 2147483647;
			files = (
			);
			inputPaths = (
			);
			name = "[CP] Copy Pods Resources";
			outputPaths = (
			);
			runOnlyForDeploymentPostprocessing = 0;
			shellPath = /bin/sh;
			shellScript = "\"${SRCROOT}/Pods/Target Support Files/Pods-MapBox-sampleUITests/Pods-MapBox-sampleUITests-resources.sh\"\n";
			showEnvVarsInLog = 0;
		};
		53300C96690C7887D1F7DC3D /* [CP] Embed Pods Frameworks */ = {
			isa = PBXShellScriptBuildPhase;
			buildActionMask = 2147483647;
			files = (
			);
			inputPaths = (
			);
			name = "[CP] Embed Pods Frameworks";
			outputPaths = (
			);
			runOnlyForDeploymentPostprocessing = 0;
			shellPath = /bin/sh;
			shellScript = "\"${SRCROOT}/Pods/Target Support Files/Pods-MapBox-sampleTests/Pods-MapBox-sampleTests-frameworks.sh\"\n";
			showEnvVarsInLog = 0;
		};
		7F2F652DCE7A2E54C6A45D83 /* [CP] Check Pods Manifest.lock */ = {
			isa = PBXShellScriptBuildPhase;
			buildActionMask = 2147483647;
			files = (
			);
			inputPaths = (
				"${PODS_PODFILE_DIR_PATH}/Podfile.lock",
				"${PODS_ROOT}/Manifest.lock",
			);
			name = "[CP] Check Pods Manifest.lock";
			outputPaths = (
				"$(DERIVED_FILE_DIR)/Pods-MapBox-sampleUITests-checkManifestLockResult.txt",
			);
			runOnlyForDeploymentPostprocessing = 0;
			shellPath = /bin/sh;
			shellScript = "diff \"${PODS_PODFILE_DIR_PATH}/Podfile.lock\" \"${PODS_ROOT}/Manifest.lock\" > /dev/null\nif [ $? != 0 ] ; then\n    # print error to STDERR\n    echo \"error: The sandbox is not in sync with the Podfile.lock. Run 'pod install' or update your CocoaPods installation.\" >&2\n    exit 1\nfi\n# This output is used by Xcode 'outputs' to avoid re-running this script phase.\necho \"SUCCESS\" > \"${SCRIPT_OUTPUT_FILE_0}\"\n";
			showEnvVarsInLog = 0;
		};
		AAD8F2B69BA28F2FAA55070C /* [CP] Copy Pods Resources */ = {
			isa = PBXShellScriptBuildPhase;
			buildActionMask = 2147483647;
			files = (
			);
			inputPaths = (
			);
			name = "[CP] Copy Pods Resources";
			outputPaths = (
			);
			runOnlyForDeploymentPostprocessing = 0;
			shellPath = /bin/sh;
			shellScript = "\"${SRCROOT}/Pods/Target Support Files/Pods-MapBox-sample/Pods-MapBox-sample-resources.sh\"\n";
			showEnvVarsInLog = 0;
		};
		AC9E875B56BE2D76B08995E1 /* [CP] Check Pods Manifest.lock */ = {
			isa = PBXShellScriptBuildPhase;
			buildActionMask = 2147483647;
			files = (
			);
			inputPaths = (
				"${PODS_PODFILE_DIR_PATH}/Podfile.lock",
				"${PODS_ROOT}/Manifest.lock",
			);
			name = "[CP] Check Pods Manifest.lock";
			outputPaths = (
				"$(DERIVED_FILE_DIR)/Pods-MapBox-sample-checkManifestLockResult.txt",
			);
			runOnlyForDeploymentPostprocessing = 0;
			shellPath = /bin/sh;
			shellScript = "diff \"${PODS_PODFILE_DIR_PATH}/Podfile.lock\" \"${PODS_ROOT}/Manifest.lock\" > /dev/null\nif [ $? != 0 ] ; then\n    # print error to STDERR\n    echo \"error: The sandbox is not in sync with the Podfile.lock. Run 'pod install' or update your CocoaPods installation.\" >&2\n    exit 1\nfi\n# This output is used by Xcode 'outputs' to avoid re-running this script phase.\necho \"SUCCESS\" > \"${SCRIPT_OUTPUT_FILE_0}\"\n";
			showEnvVarsInLog = 0;
		};
		C952A0B39893AFC28256E09D /* [CP] Check Pods Manifest.lock */ = {
			isa = PBXShellScriptBuildPhase;
			buildActionMask = 2147483647;
			files = (
			);
			inputPaths = (
				"${PODS_PODFILE_DIR_PATH}/Podfile.lock",
				"${PODS_ROOT}/Manifest.lock",
			);
			name = "[CP] Check Pods Manifest.lock";
			outputPaths = (
				"$(DERIVED_FILE_DIR)/Pods-MapBox-sampleTests-checkManifestLockResult.txt",
			);
			runOnlyForDeploymentPostprocessing = 0;
			shellPath = /bin/sh;
			shellScript = "diff \"${PODS_PODFILE_DIR_PATH}/Podfile.lock\" \"${PODS_ROOT}/Manifest.lock\" > /dev/null\nif [ $? != 0 ] ; then\n    # print error to STDERR\n    echo \"error: The sandbox is not in sync with the Podfile.lock. Run 'pod install' or update your CocoaPods installation.\" >&2\n    exit 1\nfi\n# This output is used by Xcode 'outputs' to avoid re-running this script phase.\necho \"SUCCESS\" > \"${SCRIPT_OUTPUT_FILE_0}\"\n";
			showEnvVarsInLog = 0;
		};
		DB833E04B9118BEDB345B50D /* [CP] Copy Pods Resources */ = {
			isa = PBXShellScriptBuildPhase;
			buildActionMask = 2147483647;
			files = (
			);
			inputPaths = (
			);
			name = "[CP] Copy Pods Resources";
			outputPaths = (
			);
			runOnlyForDeploymentPostprocessing = 0;
			shellPath = /bin/sh;
			shellScript = "\"${SRCROOT}/Pods/Target Support Files/Pods-MapBox-sampleTests/Pods-MapBox-sampleTests-resources.sh\"\n";
			showEnvVarsInLog = 0;
		};
/* End PBXShellScriptBuildPhase section */

/* Begin PBXSourcesBuildPhase section */
		09DF39AD204169A10058B30B /* Sources */ = {
			isa = PBXSourcesBuildPhase;
			buildActionMask = 2147483647;
			files = (
				09F28DC220419E4E0040DBF6 /* Address.swift in Sources */,
				09F28DD420420FD50040DBF6 /* UISearchBar+Utils.swift in Sources */,
				09DF39B7204169A10058B30B /* MapViewController.swift in Sources */,
				09AA25DB204192AB00565CED /* SearchAddressViewController.swift in Sources */,
				09DF39B5204169A10058B30B /* AppDelegate.swift in Sources */,
				09F28DCF2041FD5D0040DBF6 /* AddressService.swift in Sources */,
				09F28DC62041B44E0040DBF6 /* SearchAddressTableViewCell.swift in Sources */,
				09F28DCA2041B6FB0040DBF6 /* SearchAddressDelegate.swift in Sources */,
				092E858C20416D8500E29F11 /* Constants.swift in Sources */,
				092E85932041749B00E29F11 /* Coordinate.swift in Sources */,
			);
			runOnlyForDeploymentPostprocessing = 0;
		};
		09DF39C1204169A10058B30B /* Sources */ = {
			isa = PBXSourcesBuildPhase;
			buildActionMask = 2147483647;
			files = (
				09F28DC72041B44E0040DBF6 /* SearchAddressTableViewCell.swift in Sources */,
				09DF39CA204169A10058B30B /* MapBox_sampleTests.swift in Sources */,
				09AA25DC204192AB00565CED /* SearchAddressViewController.swift in Sources */,
				092E858D20416D8500E29F11 /* Constants.swift in Sources */,
				092E85942041749B00E29F11 /* Coordinate.swift in Sources */,
				09F28DD02041FD5D0040DBF6 /* AddressService.swift in Sources */,
				09F28DCB2041B6FB0040DBF6 /* SearchAddressDelegate.swift in Sources */,
			);
			runOnlyForDeploymentPostprocessing = 0;
		};
		09DF39CC204169A10058B30B /* Sources */ = {
			isa = PBXSourcesBuildPhase;
			buildActionMask = 2147483647;
			files = (
				09F28DC82041B44E0040DBF6 /* SearchAddressTableViewCell.swift in Sources */,
				09DF39D5204169A10058B30B /* MapBox_sampleUITests.swift in Sources */,
				09AA25DD204192AB00565CED /* SearchAddressViewController.swift in Sources */,
				092E858E20416D8500E29F11 /* Constants.swift in Sources */,
				092E85952041749B00E29F11 /* Coordinate.swift in Sources */,
				09F28DD12041FD5D0040DBF6 /* AddressService.swift in Sources */,
				09F28DCC2041B6FB0040DBF6 /* SearchAddressDelegate.swift in Sources */,
			);
			runOnlyForDeploymentPostprocessing = 0;
		};
/* End PBXSourcesBuildPhase section */

/* Begin PBXTargetDependency section */
		09DF39C7204169A10058B30B /* PBXTargetDependency */ = {
			isa = PBXTargetDependency;
			target = 09DF39B0204169A10058B30B /* MapBox-sample */;
			targetProxy = 09DF39C6204169A10058B30B /* PBXContainerItemProxy */;
		};
		09DF39D2204169A10058B30B /* PBXTargetDependency */ = {
			isa = PBXTargetDependency;
			target = 09DF39B0204169A10058B30B /* MapBox-sample */;
			targetProxy = 09DF39D1204169A10058B30B /* PBXContainerItemProxy */;
		};
/* End PBXTargetDependency section */

/* Begin PBXVariantGroup section */
		09DF39B8204169A10058B30B /* Main.storyboard */ = {
			isa = PBXVariantGroup;
			children = (
				09DF39B9204169A10058B30B /* Base */,
			);
			name = Main.storyboard;
			sourceTree = "<group>";
		};
		09DF39BD204169A10058B30B /* LaunchScreen.storyboard */ = {
			isa = PBXVariantGroup;
			children = (
				09DF39BE204169A10058B30B /* Base */,
			);
			name = LaunchScreen.storyboard;
			sourceTree = "<group>";
		};
/* End PBXVariantGroup section */

/* Begin XCBuildConfiguration section */
		09DF39D7204169A20058B30B /* Debug */ = {
			isa = XCBuildConfiguration;
			buildSettings = {
				ALWAYS_SEARCH_USER_PATHS = NO;
				CLANG_ANALYZER_NONNULL = YES;
				CLANG_ANALYZER_NUMBER_OBJECT_CONVERSION = YES_AGGRESSIVE;
				CLANG_CXX_LANGUAGE_STANDARD = "gnu++14";
				CLANG_CXX_LIBRARY = "libc++";
				CLANG_ENABLE_MODULES = YES;
				CLANG_ENABLE_OBJC_ARC = YES;
				CLANG_WARN_BLOCK_CAPTURE_AUTORELEASING = YES;
				CLANG_WARN_BOOL_CONVERSION = YES;
				CLANG_WARN_COMMA = YES;
				CLANG_WARN_CONSTANT_CONVERSION = YES;
				CLANG_WARN_DIRECT_OBJC_ISA_USAGE = YES_ERROR;
				CLANG_WARN_DOCUMENTATION_COMMENTS = YES;
				CLANG_WARN_EMPTY_BODY = YES;
				CLANG_WARN_ENUM_CONVERSION = YES;
				CLANG_WARN_INFINITE_RECURSION = YES;
				CLANG_WARN_INT_CONVERSION = YES;
				CLANG_WARN_NON_LITERAL_NULL_CONVERSION = YES;
				CLANG_WARN_OBJC_LITERAL_CONVERSION = YES;
				CLANG_WARN_OBJC_ROOT_CLASS = YES_ERROR;
				CLANG_WARN_RANGE_LOOP_ANALYSIS = YES;
				CLANG_WARN_STRICT_PROTOTYPES = YES;
				CLANG_WARN_SUSPICIOUS_MOVE = YES;
				CLANG_WARN_UNGUARDED_AVAILABILITY = YES_AGGRESSIVE;
				CLANG_WARN_UNREACHABLE_CODE = YES;
				CLANG_WARN__DUPLICATE_METHOD_MATCH = YES;
				CODE_SIGN_IDENTITY = "iPhone Developer";
				COPY_PHASE_STRIP = NO;
				DEBUG_INFORMATION_FORMAT = dwarf;
				ENABLE_STRICT_OBJC_MSGSEND = YES;
				ENABLE_TESTABILITY = YES;
				GCC_C_LANGUAGE_STANDARD = gnu11;
				GCC_DYNAMIC_NO_PIC = NO;
				GCC_NO_COMMON_BLOCKS = YES;
				GCC_OPTIMIZATION_LEVEL = 0;
				GCC_PREPROCESSOR_DEFINITIONS = (
					"DEBUG=1",
					"$(inherited)",
				);
				GCC_WARN_64_TO_32_BIT_CONVERSION = YES;
				GCC_WARN_ABOUT_RETURN_TYPE = YES_ERROR;
				GCC_WARN_UNDECLARED_SELECTOR = YES;
				GCC_WARN_UNINITIALIZED_AUTOS = YES_AGGRESSIVE;
				GCC_WARN_UNUSED_FUNCTION = YES;
				GCC_WARN_UNUSED_VARIABLE = YES;
				IPHONEOS_DEPLOYMENT_TARGET = 11.2;
				MTL_ENABLE_DEBUG_INFO = YES;
				ONLY_ACTIVE_ARCH = YES;
				SDKROOT = iphoneos;
				SWIFT_ACTIVE_COMPILATION_CONDITIONS = DEBUG;
				SWIFT_OPTIMIZATION_LEVEL = "-Onone";
			};
			name = Debug;
		};
		09DF39D8204169A20058B30B /* Release */ = {
			isa = XCBuildConfiguration;
			buildSettings = {
				ALWAYS_SEARCH_USER_PATHS = NO;
				CLANG_ANALYZER_NONNULL = YES;
				CLANG_ANALYZER_NUMBER_OBJECT_CONVERSION = YES_AGGRESSIVE;
				CLANG_CXX_LANGUAGE_STANDARD = "gnu++14";
				CLANG_CXX_LIBRARY = "libc++";
				CLANG_ENABLE_MODULES = YES;
				CLANG_ENABLE_OBJC_ARC = YES;
				CLANG_WARN_BLOCK_CAPTURE_AUTORELEASING = YES;
				CLANG_WARN_BOOL_CONVERSION = YES;
				CLANG_WARN_COMMA = YES;
				CLANG_WARN_CONSTANT_CONVERSION = YES;
				CLANG_WARN_DIRECT_OBJC_ISA_USAGE = YES_ERROR;
				CLANG_WARN_DOCUMENTATION_COMMENTS = YES;
				CLANG_WARN_EMPTY_BODY = YES;
				CLANG_WARN_ENUM_CONVERSION = YES;
				CLANG_WARN_INFINITE_RECURSION = YES;
				CLANG_WARN_INT_CONVERSION = YES;
				CLANG_WARN_NON_LITERAL_NULL_CONVERSION = YES;
				CLANG_WARN_OBJC_LITERAL_CONVERSION = YES;
				CLANG_WARN_OBJC_ROOT_CLASS = YES_ERROR;
				CLANG_WARN_RANGE_LOOP_ANALYSIS = YES;
				CLANG_WARN_STRICT_PROTOTYPES = YES;
				CLANG_WARN_SUSPICIOUS_MOVE = YES;
				CLANG_WARN_UNGUARDED_AVAILABILITY = YES_AGGRESSIVE;
				CLANG_WARN_UNREACHABLE_CODE = YES;
				CLANG_WARN__DUPLICATE_METHOD_MATCH = YES;
				CODE_SIGN_IDENTITY = "iPhone Developer";
				COPY_PHASE_STRIP = NO;
				DEBUG_INFORMATION_FORMAT = "dwarf-with-dsym";
				ENABLE_NS_ASSERTIONS = NO;
				ENABLE_STRICT_OBJC_MSGSEND = YES;
				GCC_C_LANGUAGE_STANDARD = gnu11;
				GCC_NO_COMMON_BLOCKS = YES;
				GCC_WARN_64_TO_32_BIT_CONVERSION = YES;
				GCC_WARN_ABOUT_RETURN_TYPE = YES_ERROR;
				GCC_WARN_UNDECLARED_SELECTOR = YES;
				GCC_WARN_UNINITIALIZED_AUTOS = YES_AGGRESSIVE;
				GCC_WARN_UNUSED_FUNCTION = YES;
				GCC_WARN_UNUSED_VARIABLE = YES;
				IPHONEOS_DEPLOYMENT_TARGET = 11.2;
				MTL_ENABLE_DEBUG_INFO = NO;
				SDKROOT = iphoneos;
				SWIFT_OPTIMIZATION_LEVEL = "-Owholemodule";
				VALIDATE_PRODUCT = YES;
			};
			name = Release;
		};
		09DF39DA204169A20058B30B /* Debug */ = {
			isa = XCBuildConfiguration;
			baseConfigurationReference = 3B4F3EA5A3D9D17770D1A51C /* Pods-MapBox-sample.debug.xcconfig */;
			buildSettings = {
				ASSETCATALOG_COMPILER_APPICON_NAME = AppIcon;
				CODE_SIGN_STYLE = Automatic;
				DEVELOPMENT_TEAM = VGW4QWQ3R5;
				INFOPLIST_FILE = "MapBox-sample/Info.plist";
				LD_RUNPATH_SEARCH_PATHS = "$(inherited) @executable_path/Frameworks";
				PRODUCT_BUNDLE_IDENTIFIER = "com.test.MapBox-sample";
				PRODUCT_NAME = "$(TARGET_NAME)";
				SWIFT_VERSION = 4.0;
				TARGETED_DEVICE_FAMILY = "1,2";
			};
			name = Debug;
		};
		09DF39DB204169A20058B30B /* Release */ = {
			isa = XCBuildConfiguration;
			baseConfigurationReference = 978EDC690C3B18DB2092DBCB /* Pods-MapBox-sample.release.xcconfig */;
			buildSettings = {
				ASSETCATALOG_COMPILER_APPICON_NAME = AppIcon;
				CODE_SIGN_STYLE = Automatic;
				DEVELOPMENT_TEAM = VGW4QWQ3R5;
				INFOPLIST_FILE = "MapBox-sample/Info.plist";
				LD_RUNPATH_SEARCH_PATHS = "$(inherited) @executable_path/Frameworks";
				PRODUCT_BUNDLE_IDENTIFIER = "com.test.MapBox-sample";
				PRODUCT_NAME = "$(TARGET_NAME)";
				SWIFT_VERSION = 4.0;
				TARGETED_DEVICE_FAMILY = "1,2";
			};
			name = Release;
		};
		09DF39DD204169A20058B30B /* Debug */ = {
			isa = XCBuildConfiguration;
			baseConfigurationReference = 165B1491379AC00B7B1DEF3E /* Pods-MapBox-sampleTests.debug.xcconfig */;
			buildSettings = {
				ALWAYS_EMBED_SWIFT_STANDARD_LIBRARIES = YES;
				BUNDLE_LOADER = "$(TEST_HOST)";
				CODE_SIGN_STYLE = Automatic;
				DEVELOPMENT_TEAM = VGW4QWQ3R5;
				INFOPLIST_FILE = "MapBox-sampleTests/Info.plist";
				LD_RUNPATH_SEARCH_PATHS = "$(inherited) @executable_path/Frameworks @loader_path/Frameworks";
				PRODUCT_BUNDLE_IDENTIFIER = "com.test.MapBox-sampleTests";
				PRODUCT_NAME = "$(TARGET_NAME)";
				SWIFT_VERSION = 4.0;
				TARGETED_DEVICE_FAMILY = "1,2";
				TEST_HOST = "$(BUILT_PRODUCTS_DIR)/MapBox-sample.app/MapBox-sample";
			};
			name = Debug;
		};
		09DF39DE204169A20058B30B /* Release */ = {
			isa = XCBuildConfiguration;
			baseConfigurationReference = 73E4E8997F730FE0C7153D0E /* Pods-MapBox-sampleTests.release.xcconfig */;
			buildSettings = {
				ALWAYS_EMBED_SWIFT_STANDARD_LIBRARIES = YES;
				BUNDLE_LOADER = "$(TEST_HOST)";
				CODE_SIGN_STYLE = Automatic;
				DEVELOPMENT_TEAM = VGW4QWQ3R5;
				INFOPLIST_FILE = "MapBox-sampleTests/Info.plist";
				LD_RUNPATH_SEARCH_PATHS = "$(inherited) @executable_path/Frameworks @loader_path/Frameworks";
				PRODUCT_BUNDLE_IDENTIFIER = "com.test.MapBox-sampleTests";
				PRODUCT_NAME = "$(TARGET_NAME)";
				SWIFT_VERSION = 4.0;
				TARGETED_DEVICE_FAMILY = "1,2";
				TEST_HOST = "$(BUILT_PRODUCTS_DIR)/MapBox-sample.app/MapBox-sample";
			};
			name = Release;
		};
		09DF39E0204169A20058B30B /* Debug */ = {
			isa = XCBuildConfiguration;
			baseConfigurationReference = 1696A57DEDB39284FD278CBC /* Pods-MapBox-sampleUITests.debug.xcconfig */;
			buildSettings = {
				ALWAYS_EMBED_SWIFT_STANDARD_LIBRARIES = YES;
				CODE_SIGN_STYLE = Automatic;
				DEVELOPMENT_TEAM = VGW4QWQ3R5;
				INFOPLIST_FILE = "MapBox-sampleUITests/Info.plist";
				LD_RUNPATH_SEARCH_PATHS = "$(inherited) @executable_path/Frameworks @loader_path/Frameworks";
				PRODUCT_BUNDLE_IDENTIFIER = "com.test.MapBox-sampleUITests";
				PRODUCT_NAME = "$(TARGET_NAME)";
				SWIFT_VERSION = 4.0;
				TARGETED_DEVICE_FAMILY = "1,2";
				TEST_TARGET_NAME = "MapBox-sample";
			};
			name = Debug;
		};
		09DF39E1204169A20058B30B /* Release */ = {
			isa = XCBuildConfiguration;
			baseConfigurationReference = 3F5881023A903F99D7044FA8 /* Pods-MapBox-sampleUITests.release.xcconfig */;
			buildSettings = {
				ALWAYS_EMBED_SWIFT_STANDARD_LIBRARIES = YES;
				CODE_SIGN_STYLE = Automatic;
				DEVELOPMENT_TEAM = VGW4QWQ3R5;
				INFOPLIST_FILE = "MapBox-sampleUITests/Info.plist";
				LD_RUNPATH_SEARCH_PATHS = "$(inherited) @executable_path/Frameworks @loader_path/Frameworks";
				PRODUCT_BUNDLE_IDENTIFIER = "com.test.MapBox-sampleUITests";
				PRODUCT_NAME = "$(TARGET_NAME)";
				SWIFT_VERSION = 4.0;
				TARGETED_DEVICE_FAMILY = "1,2";
				TEST_TARGET_NAME = "MapBox-sample";
			};
			name = Release;
		};
/* End XCBuildConfiguration section */

/* Begin XCConfigurationList section */
		09DF39AC204169A10058B30B /* Build configuration list for PBXProject "MapBox-sample" */ = {
			isa = XCConfigurationList;
			buildConfigurations = (
				09DF39D7204169A20058B30B /* Debug */,
				09DF39D8204169A20058B30B /* Release */,
			);
			defaultConfigurationIsVisible = 0;
			defaultConfigurationName = Release;
		};
		09DF39D9204169A20058B30B /* Build configuration list for PBXNativeTarget "MapBox-sample" */ = {
			isa = XCConfigurationList;
			buildConfigurations = (
				09DF39DA204169A20058B30B /* Debug */,
				09DF39DB204169A20058B30B /* Release */,
			);
			defaultConfigurationIsVisible = 0;
			defaultConfigurationName = Release;
		};
		09DF39DC204169A20058B30B /* Build configuration list for PBXNativeTarget "MapBox-sampleTests" */ = {
			isa = XCConfigurationList;
			buildConfigurations = (
				09DF39DD204169A20058B30B /* Debug */,
				09DF39DE204169A20058B30B /* Release */,
			);
			defaultConfigurationIsVisible = 0;
			defaultConfigurationName = Release;
		};
		09DF39DF204169A20058B30B /* Build configuration list for PBXNativeTarget "MapBox-sampleUITests" */ = {
			isa = XCConfigurationList;
			buildConfigurations = (
				09DF39E0204169A20058B30B /* Debug */,
				09DF39E1204169A20058B30B /* Release */,
			);
			defaultConfigurationIsVisible = 0;
			defaultConfigurationName = Release;
		};
/* End XCConfigurationList section */
	};
	rootObject = 09DF39A9204169A10058B30B /* Project object */;
}
