PODS:
  - Mapbox-iOS-SDK (3.7.5)
  - MapboxGeocoder.swift (0.8.0)

DEPENDENCIES:
  - Mapbox-iOS-SDK (~> 3.7)
  - MapboxGeocoder.swift (~> 0.8)

SPEC CHECKSUMS:
  Mapbox-iOS-SDK: 107e331a7ae02e6be902c1557d3454c54e18ce5b
  MapboxGeocoder.swift: 16e8488bbb81a5036b9a11d4d7714200337db86b

PODFILE CHECKSUM: 8b28a795275277a2633e85a4883eba9d21d4d59a

COCOAPODS: 1.4.0
