PODS:
  - Hero (1.1.0)
  - Mapbox-iOS-SDK (3.7.5)
  - MapboxGeocoder.swift (0.8.0)
  - RxCocoa (4.1.2):
    - RxSwift (~> 4.0)
  - RxSwift (4.1.2)

DEPENDENCIES:
  - Hero (~> 1.1)
  - Mapbox-iOS-SDK (~> 3.7)
  - MapboxGeocoder.swift (~> 0.8)
  - RxCocoa (~> 4.1)

SPEC CHECKSUMS:
  Hero: ce59e81c79390613d97b43da7179e2c5e1017e04
  Mapbox-iOS-SDK: 107e331a7ae02e6be902c1557d3454c54e18ce5b
  MapboxGeocoder.swift: 16e8488bbb81a5036b9a11d4d7714200337db86b
  RxCocoa: d88ba0f1f6abf040011a9eb4b539324fc426843a
  RxSwift: e49536837d9901277638493ea537394d4b55f570

PODFILE CHECKSUM: 88381fa7c68419cb4ec01a02cf1797fb7c2643df

COCOAPODS: 1.4.0
